// !$*UTF8*$!
{
	archiveVersion = 1;
	classes = {
	};
	objectVersion = 46;
	objects = {

/* Begin PBXBuildFile section */
		116892C118F3D90F00C45EEC /* Foundation.framework in Frameworks */ = {isa = PBXBuildFile; fileRef = 116892C018F3D90F00C45EEC /* Foundation.framework */; };
		116892C318F3D91000C45EEC /* CoreGraphics.framework in Frameworks */ = {isa = PBXBuildFile; fileRef = 116892C218F3D91000C45EEC /* CoreGraphics.framework */; };
		116892C518F3D91000C45EEC /* UIKit.framework in Frameworks */ = {isa = PBXBuildFile; fileRef = 116892C418F3D91000C45EEC /* UIKit.framework */; };
		116892CB18F3D91000C45EEC /* InfoPlist.strings in Resources */ = {isa = PBXBuildFile; fileRef = 116892C918F3D91000C45EEC /* InfoPlist.strings */; };
		116892CD18F3D91000C45EEC /* main.m in Sources */ = {isa = PBXBuildFile; fileRef = 116892CC18F3D91000C45EEC /* main.m */; };
		116892D118F3D91000C45EEC /* XZZAppDelegate.m in Sources */ = {isa = PBXBuildFile; fileRef = 116892D018F3D91000C45EEC /* XZZAppDelegate.m */; };
		116892D318F3D91000C45EEC /* Images.xcassets in Resources */ = {isa = PBXBuildFile; fileRef = 116892D218F3D91000C45EEC /* Images.xcassets */; };
		116892DA18F3D91000C45EEC /* XCTest.framework in Frameworks */ = {isa = PBXBuildFile; fileRef = 116892D918F3D91000C45EEC /* XCTest.framework */; };
		116892DB18F3D91000C45EEC /* Foundation.framework in Frameworks */ = {isa = PBXBuildFile; fileRef = 116892C018F3D90F00C45EEC /* Foundation.framework */; };
		116892DC18F3D91000C45EEC /* UIKit.framework in Frameworks */ = {isa = PBXBuildFile; fileRef = 116892C418F3D91000C45EEC /* UIKit.framework */; };
		116892E418F3D91000C45EEC /* InfoPlist.strings in Resources */ = {isa = PBXBuildFile; fileRef = 116892E218F3D91000C45EEC /* InfoPlist.strings */; };
		116892E618F3D91000C45EEC /* ToDoListTests.m in Sources */ = {isa = PBXBuildFile; fileRef = 116892E518F3D91000C45EEC /* ToDoListTests.m */; };
/* End PBXBuildFile section */

/* Begin PBXContainerItemProxy section */
		116892DD18F3D91000C45EEC /* PBXContainerItemProxy */ = {
			isa = PBXContainerItemProxy;
			containerPortal = 116892B518F3D90F00C45EEC /* Project object */;
			proxyType = 1;
			remoteGlobalIDString = 116892BC18F3D90F00C45EEC;
			remoteInfo = ToDoList;
		};
/* End PBXContainerItemProxy section */

/* Begin PBXFileReference section */
		116892BD18F3D90F00C45EEC /* ToDoList.app */ = {isa = PBXFileReference; explicitFileType = wrapper.application; includeInIndex = 0; path = ToDoList.app; sourceTree = BUILT_PRODUCTS_DIR; };
		116892C018F3D90F00C45EEC /* Foundation.framework */ = {isa = PBXFileReference; lastKnownFileType = wrapper.framework; name = Foundation.framework; path = System/Library/Frameworks/Foundation.framework; sourceTree = SDKROOT; };
		116892C218F3D91000C45EEC /* CoreGraphics.framework */ = {isa = PBXFileReference; lastKnownFileType = wrapper.framework; name = CoreGraphics.framework; path = System/Library/Frameworks/CoreGraphics.framework; sourceTree = SDKROOT; };
		116892C418F3D91000C45EEC /* UIKit.framework */ = {isa = PBXFileReference; lastKnownFileType = wrapper.framework; name = UIKit.framework; path = System/Library/Frameworks/UIKit.framework; sourceTree = SDKROOT; };
		116892C818F3D91000C45EEC /* ToDoList-Info.plist */ = {isa = PBXFileReference; lastKnownFileType = text.plist.xml; path = "ToDoList-Info.plist"; sourceTree = "<group>"; };
		116892CA18F3D91000C45EEC /* en */ = {isa = PBXFileReference; lastKnownFileType = text.plist.strings; name = en; path = en.lproj/InfoPlist.strings; sourceTree = "<group>"; };
		116892CC18F3D91000C45EEC /* main.m */ = {isa = PBXFileReference; lastKnownFileType = sourcecode.c.objc; path = main.m; sourceTree = "<group>"; };
		116892CE18F3D91000C45EEC /* ToDoList-Prefix.pch */ = {isa = PBXFileReference; lastKnownFileType = sourcecode.c.h; path = "ToDoList-Prefix.pch"; sourceTree = "<group>"; };
		116892CF18F3D91000C45EEC /* XZZAppDelegate.h */ = {isa = PBXFileReference; lastKnownFileType = sourcecode.c.h; path = XZZAppDelegate.h; sourceTree = "<group>"; };
		116892D018F3D91000C45EEC /* XZZAppDelegate.m */ = {isa = PBXFileReference; lastKnownFileType = sourcecode.c.objc; path = XZZAppDelegate.m; sourceTree = "<group>"; };
		116892D218F3D91000C45EEC /* Images.xcassets */ = {isa = PBXFileReference; lastKnownFileType = folder.assetcatalog; path = Images.xcassets; sourceTree = "<group>"; };
		116892D818F3D91000C45EEC /* ToDoListTests.xctest */ = {isa = PBXFileReference; explicitFileType = wrapper.cfbundle; includeInIndex = 0; path = ToDoListTests.xctest; sourceTree = BUILT_PRODUCTS_DIR; };
		116892D918F3D91000C45EEC /* XCTest.framework */ = {isa = PBXFileReference; lastKnownFileType = wrapper.framework; name = XCTest.framework; path = Library/Frameworks/XCTest.framework; sourceTree = DEVELOPER_DIR; };
		116892E118F3D91000C45EEC /* ToDoListTests-Info.plist */ = {isa = PBXFileReference; lastKnownFileType = text.plist.xml; path = "ToDoListTests-Info.plist"; sourceTree = "<group>"; };
		116892E318F3D91000C45EEC /* en */ = {isa = PBXFileReference; lastKnownFileType = text.plist.strings; name = en; path = en.lproj/InfoPlist.strings; sourceTree = "<group>"; };
		116892E518F3D91000C45EEC /* ToDoListTests.m */ = {isa = PBXFileReference; lastKnownFileType = sourcecode.c.objc; path = ToDoListTests.m; sourceTree = "<group>"; };
/* End PBXFileReference section */

/* Begin PBXFrameworksBuildPhase section */
		116892BA18F3D90F00C45EEC /* Frameworks */ = {
			isa = PBXFrameworksBuildPhase;
			buildActionMask = 2147483647;
			files = (
				116892C318F3D91000C45EEC /* CoreGraphics.framework in Frameworks */,
				116892C518F3D91000C45EEC /* UIKit.framework in Frameworks */,
				116892C118F3D90F00C45EEC /* Foundation.framework in Frameworks */,
			);
			runOnlyForDeploymentPostprocessing = 0;
		};
		116892D518F3D91000C45EEC /* Frameworks */ = {
			isa = PBXFrameworksBuildPhase;
			buildActionMask = 2147483647;
			files = (
				116892DA18F3D91000C45EEC /* XCTest.framework in Frameworks */,
				116892DC18F3D91000C45EEC /* UIKit.framework in Frameworks */,
				116892DB18F3D91000C45EEC /* Foundation.framework in Frameworks */,
			);
			runOnlyForDeploymentPostprocessing = 0;
		};
/* End PBXFrameworksBuildPhase section */

/* Begin PBXGroup section */
		116892B418F3D90F00C45EEC = {
			isa = PBXGroup;
			children = (
				116892C618F3D91000C45EEC /* ToDoList */,
				116892DF18F3D91000C45EEC /* ToDoListTests */,
				116892BF18F3D90F00C45EEC /* Frameworks */,
				116892BE18F3D90F00C45EEC /* Products */,
			);
			sourceTree = "<group>";
		};
		116892BE18F3D90F00C45EEC /* Products */ = {
			isa = PBXGroup;
			children = (
				116892BD18F3D90F00C45EEC /* ToDoList.app */,
				116892D818F3D91000C45EEC /* ToDoListTests.xctest */,
			);
			name = Products;
			sourceTree = "<group>";
		};
		116892BF18F3D90F00C45EEC /* Frameworks */ = {
			isa = PBXGroup;
			children = (
				116892C018F3D90F00C45EEC /* Foundation.framework */,
				116892C218F3D91000C45EEC /* CoreGraphics.framework */,
				116892C418F3D91000C45EEC /* UIKit.framework */,
				116892D918F3D91000C45EEC /* XCTest.framework */,
			);
			name = Frameworks;
			sourceTree = "<group>";
		};
		116892C618F3D91000C45EEC /* ToDoList */ = {
			isa = PBXGroup;
			children = (
				116892CF18F3D91000C45EEC /* XZZAppDelegate.h */,
				116892D018F3D91000C45EEC /* XZZAppDelegate.m */,
				116892D218F3D91000C45EEC /* Images.xcassets */,
				116892C718F3D91000C45EEC /* Supporting Files */,
			);
			path = ToDoList;
			sourceTree = "<group>";
		};
		116892C718F3D91000C45EEC /* Supporting Files */ = {
			isa = PBXGroup;
			children = (
				116892C818F3D91000C45EEC /* ToDoList-Info.plist */,
				116892C918F3D91000C45EEC /* InfoPlist.strings */,
				116892CC18F3D91000C45EEC /* main.m */,
				116892CE18F3D91000C45EEC /* ToDoList-Prefix.pch */,
			);
			name = "Supporting Files";
			sourceTree = "<group>";
		};
		116892DF18F3D91000C45EEC /* ToDoListTests */ = {
			isa = PBXGroup;
			children = (
				116892E518F3D91000C45EEC /* ToDoListTests.m */,
				116892E018F3D91000C45EEC /* Supporting Files */,
			);
			path = ToDoListTests;
			sourceTree = "<group>";
		};
		116892E018F3D91000C45EEC /* Supporting Files */ = {
			isa = PBXGroup;
			children = (
				116892E118F3D91000C45EEC /* ToDoListTests-Info.plist */,
				116892E218F3D91000C45EEC /* InfoPlist.strings */,
			);
			name = "Supporting Files";
			sourceTree = "<group>";
		};
/* End PBXGroup section */

/* Begin PBXNativeTarget section */
		116892BC18F3D90F00C45EEC /* ToDoList */ = {
			isa = PBXNativeTarget;
			buildConfigurationList = 116892E918F3D91000C45EEC /* Build configuration list for PBXNativeTarget "ToDoList" */;
			buildPhases = (
				116892B918F3D90F00C45EEC /* Sources */,
				116892BA18F3D90F00C45EEC /* Frameworks */,
				116892BB18F3D90F00C45EEC /* Resources */,
			);
			buildRules = (
			);
			dependencies = (
			);
			name = ToDoList;
			productName = ToDoList;
			productReference = 116892BD18F3D90F00C45EEC /* ToDoList.app */;
			productType = "com.apple.product-type.application";
		};
		116892D718F3D91000C45EEC /* ToDoListTests */ = {
			isa = PBXNativeTarget;
			buildConfigurationList = 116892EC18F3D91000C45EEC /* Build configuration list for PBXNativeTarget "ToDoListTests" */;
			buildPhases = (
				116892D418F3D91000C45EEC /* Sources */,
				116892D518F3D91000C45EEC /* Frameworks */,
				116892D618F3D91000C45EEC /* Resources */,
			);
			buildRules = (
			);
			dependencies = (
				116892DE18F3D91000C45EEC /* PBXTargetDependency */,
			);
			name = ToDoListTests;
			productName = ToDoListTests;
			productReference = 116892D818F3D91000C45EEC /* ToDoListTests.xctest */;
			productType = "com.apple.product-type.bundle.unit-test";
		};
/* End PBXNativeTarget section */

/* Begin PBXProject section */
		116892B518F3D90F00C45EEC /* Project object */ = {
			isa = PBXProject;
			attributes = {
				CLASSPREFIX = XZZ;
				LastUpgradeCheck = 0510;
				ORGANIZATIONNAME = 1st1k;
				TargetAttributes = {
					116892D718F3D91000C45EEC = {
						TestTargetID = 116892BC18F3D90F00C45EEC;
					};
				};
			};
			buildConfigurationList = 116892B818F3D90F00C45EEC /* Build configuration list for PBXProject "ToDoList" */;
			compatibilityVersion = "Xcode 3.2";
			developmentRegion = English;
			hasScannedForEncodings = 0;
			knownRegions = (
				en,
			);
			mainGroup = 116892B418F3D90F00C45EEC;
			productRefGroup = 116892BE18F3D90F00C45EEC /* Products */;
			projectDirPath = "";
			projectRoot = "";
			targets = (
				116892BC18F3D90F00C45EEC /* ToDoList */,
				116892D718F3D91000C45EEC /* ToDoListTests */,
			);
		};
/* End PBXProject section */

/* Begin PBXResourcesBuildPhase section */
		116892BB18F3D90F00C45EEC /* Resources */ = {
			isa = PBXResourcesBuildPhase;
			buildActionMask = 2147483647;
			files = (
				116892CB18F3D91000C45EEC /* InfoPlist.strings in Resources */,
				116892D318F3D91000C45EEC /* Images.xcassets in Resources */,
			);
			runOnlyForDeploymentPostprocessing = 0;
		};
		116892D618F3D91000C45EEC /* Resources */ = {
			isa = PBXResourcesBuildPhase;
			buildActionMask = 2147483647;
			files = (
				116892E418F3D91000C45EEC /* InfoPlist.strings in Resources */,
			);
			runOnlyForDeploymentPostprocessing = 0;
		};
/* End PBXResourcesBuildPhase section */

/* Begin PBXSourcesBuildPhase section */
		116892B918F3D90F00C45EEC /* Sources */ = {
			isa = PBXSourcesBuildPhase;
			buildActionMask = 2147483647;
			files = (
				116892CD18F3D91000C45EEC /* main.m in Sources */,
				116892D118F3D91000C45EEC /* XZZAppDelegate.m in Sources */,
			);
			runOnlyForDeploymentPostprocessing = 0;
		};
		116892D418F3D91000C45EEC /* Sources */ = {
			isa = PBXSourcesBuildPhase;
			buildActionMask = 2147483647;
			files = (
				116892E618F3D91000C45EEC /* ToDoListTests.m in Sources */,
			);
			runOnlyForDeploymentPostprocessing = 0;
		};
/* End PBXSourcesBuildPhase section */

/* Begin PBXTargetDependency section */
		116892DE18F3D91000C45EEC /* PBXTargetDependency */ = {
			isa = PBXTargetDependency;
			target = 116892BC18F3D90F00C45EEC /* ToDoList */;
			targetProxy = 116892DD18F3D91000C45EEC /* PBXContainerItemProxy */;
		};
/* End PBXTargetDependency section */

/* Begin PBXVariantGroup section */
		116892C918F3D91000C45EEC /* InfoPlist.strings */ = {
			isa = PBXVariantGroup;
			children = (
				116892CA18F3D91000C45EEC /* en */,
			);
			name = InfoPlist.strings;
			sourceTree = "<group>";
		};
		116892E218F3D91000C45EEC /* InfoPlist.strings */ = {
			isa = PBXVariantGroup;
			children = (
				116892E318F3D91000C45EEC /* en */,
			);
			name = InfoPlist.strings;
			sourceTree = "<group>";
		};
/* End PBXVariantGroup section */

/* Begin XCBuildConfiguration section */
		116892E718F3D91000C45EEC /* Debug */ = {
			isa = XCBuildConfiguration;
			buildSettings = {
				ALWAYS_SEARCH_USER_PATHS = NO;
				CLANG_CXX_LANGUAGE_STANDARD = "gnu++0x";
				CLANG_CXX_LIBRARY = "libc++";
				CLANG_ENABLE_MODULES = YES;
				CLANG_ENABLE_OBJC_ARC = YES;
				CLANG_WARN_BOOL_CONVERSION = YES;
				CLANG_WARN_CONSTANT_CONVERSION = YES;
				CLANG_WARN_DIRECT_OBJC_ISA_USAGE = YES_ERROR;
				CLANG_WARN_EMPTY_BODY = YES;
				CLANG_WARN_ENUM_CONVERSION = YES;
				CLANG_WARN_INT_CONVERSION = YES;
				CLANG_WARN_OBJC_ROOT_CLASS = YES_ERROR;
				CLANG_WARN__DUPLICATE_METHOD_MATCH = YES;
				"CODE_SIGN_IDENTITY[sdk=iphoneos*]" = "iPhone Developer";
				COPY_PHASE_STRIP = NO;
				GCC_C_LANGUAGE_STANDARD = gnu99;
				GCC_DYNAMIC_NO_PIC = NO;
				GCC_OPTIMIZATION_LEVEL = 0;
				GCC_PREPROCESSOR_DEFINITIONS = (
					"DEBUG=1",
					"$(inherited)",
				);
				GCC_SYMBOLS_PRIVATE_EXTERN = NO;
				GCC_WARN_64_TO_32_BIT_CONVERSION = YES;
				GCC_WARN_ABOUT_RETURN_TYPE = YES_ERROR;
				GCC_WARN_UNDECLARED_SELECTOR = YES;
				GCC_WARN_UNINITIALIZED_AUTOS = YES_AGGRESSIVE;
				GCC_WARN_UNUSED_FUNCTION = YES;
				GCC_WARN_UNUSED_VARIABLE = YES;
				IPHONEOS_DEPLOYMENT_TARGET = 7.1;
				ONLY_ACTIVE_ARCH = YES;
				SDKROOT = iphoneos;
				TARGETED_DEVICE_FAMILY = "1,2";
			};
			name = Debug;
		};
		116892E818F3D91000C45EEC /* Release */ = {
			isa = XCBuildConfiguration;
			buildSettings = {
				ALWAYS_SEARCH_USER_PATHS = NO;
				CLANG_CXX_LANGUAGE_STANDARD = "gnu++0x";
				CLANG_CXX_LIBRARY = "libc++";
				CLANG_ENABLE_MODULES = YES;
				CLANG_ENABLE_OBJC_ARC = YES;
				CLANG_WARN_BOOL_CONVERSION = YES;
				CLANG_WARN_CONSTANT_CONVERSION = YES;
				CLANG_WARN_DIRECT_OBJC_ISA_USAGE = YES_ERROR;
				CLANG_WARN_EMPTY_BODY = YES;
				CLANG_WARN_ENUM_CONVERSION = YES;
				CLANG_WARN_INT_CONVERSION = YES;
				CLANG_WARN_OBJC_ROOT_CLASS = YES_ERROR;
				CLANG_WARN__DUPLICATE_METHOD_MATCH = YES;
				"CODE_SIGN_IDENTITY[sdk=iphoneos*]" = "iPhone Developer";
				COPY_PHASE_STRIP = YES;
				ENABLE_NS_ASSERTIONS = NO;
				GCC_C_LANGUAGE_STANDARD = gnu99;
				GCC_WARN_64_TO_32_BIT_CONVERSION = YES;
				GCC_WARN_ABOUT_RETURN_TYPE = YES_ERROR;
				GCC_WARN_UNDECLARED_SELECTOR = YES;
				GCC_WARN_UNINITIALIZED_AUTOS = YES_AGGRESSIVE;
				GCC_WARN_UNUSED_FUNCTION = YES;
				GCC_WARN_UNUSED_VARIABLE = YES;
				IPHONEOS_DEPLOYMENT_TARGET = 7.1;
				SDKROOT = iphoneos;
				TARGETED_DEVICE_FAMILY = "1,2";
				VALIDATE_PRODUCT = YES;
			};
			name = Release;
		};
		116892EA18F3D91000C45EEC /* Debug */ = {
			isa = XCBuildConfiguration;
			buildSettings = {
				ASSETCATALOG_COMPILER_APPICON_NAME = AppIcon;
				ASSETCATALOG_COMPILER_LAUNCHIMAGE_NAME = LaunchImage;
				GCC_PRECOMPILE_PREFIX_HEADER = YES;
				GCC_PREFIX_HEADER = "ToDoList/ToDoList-Prefix.pch";
				INFOPLIST_FILE = "ToDoList/ToDoList-Info.plist";
				PRODUCT_NAME = "$(TARGET_NAME)";
				WRAPPER_EXTENSION = app;
			};
			name = Debug;
		};
		116892EB18F3D91000C45EEC /* Release */ = {
			isa = XCBuildConfiguration;
			buildSettings = {
				ASSETCATALOG_COMPILER_APPICON_NAME = AppIcon;
				ASSETCATALOG_COMPILER_LAUNCHIMAGE_NAME = LaunchImage;
				GCC_PRECOMPILE_PREFIX_HEADER = YES;
				GCC_PREFIX_HEADER = "ToDoList/ToDoList-Prefix.pch";
				INFOPLIST_FILE = "ToDoList/ToDoList-Info.plist";
				PRODUCT_NAME = "$(TARGET_NAME)";
				WRAPPER_EXTENSION = app;
			};
			name = Release;
		};
		116892ED18F3D91000C45EEC /* Debug */ = {
			isa = XCBuildConfiguration;
			buildSettings = {
				BUNDLE_LOADER = "$(BUILT_PRODUCTS_DIR)/ToDoList.app/ToDoList";
				FRAMEWORK_SEARCH_PATHS = (
					"$(SDKROOT)/Developer/Library/Frameworks",
					"$(inherited)",
					"$(DEVELOPER_FRAMEWORKS_DIR)",
				);
				GCC_PRECOMPILE_PREFIX_HEADER = YES;
				GCC_PREFIX_HEADER = "ToDoList/ToDoList-Prefix.pch";
				GCC_PREPROCESSOR_DEFINITIONS = (
					"DEBUG=1",
					"$(inherited)",
				);
				INFOPLIST_FILE = "ToDoListTests/ToDoListTests-Info.plist";
				PRODUCT_NAME = "$(TARGET_NAME)";
				TEST_HOST = "$(BUNDLE_LOADER)";
				WRAPPER_EXTENSION = xctest;
			};
			name = Debug;
		};
		116892EE18F3D91000C45EEC /* Release */ = {
			isa = XCBuildConfiguration;
			buildSettings = {
				BUNDLE_LOADER = "$(BUILT_PRODUCTS_DIR)/ToDoList.app/ToDoList";
				FRAMEWORK_SEARCH_PATHS = (
					"$(SDKROOT)/Developer/Library/Frameworks",
					"$(inherited)",
					"$(DEVELOPER_FRAMEWORKS_DIR)",
				);
				GCC_PRECOMPILE_PREFIX_HEADER = YES;
				GCC_PREFIX_HEADER = "ToDoList/ToDoList-Prefix.pch";
				INFOPLIST_FILE = "ToDoListTests/ToDoListTests-Info.plist";
				PRODUCT_NAME = "$(TARGET_NAME)";
				TEST_HOST = "$(BUNDLE_LOADER)";
				WRAPPER_EXTENSION = xctest;
			};
			name = Release;
		};
/* End XCBuildConfiguration section */

/* Begin XCConfigurationList section */
		116892B818F3D90F00C45EEC /* Build configuration list for PBXProject "ToDoList" */ = {
			isa = XCConfigurationList;
			buildConfigurations = (
				116892E718F3D91000C45EEC /* Debug */,
				116892E818F3D91000C45EEC /* Release */,
			);
			defaultConfigurationIsVisible = 0;
			defaultConfigurationName = Release;
		};
		116892E918F3D91000C45EEC /* Build configuration list for PBXNativeTarget "ToDoList" */ = {
			isa = XCConfigurationList;
			buildConfigurations = (
				116892EA18F3D91000C45EEC /* Debug */,
				116892EB18F3D91000C45EEC /* Release */,
			);
			defaultConfigurationIsVisible = 0;
		};
		116892EC18F3D91000C45EEC /* Build configuration list for PBXNativeTarget "ToDoListTests" */ = {
			isa = XCConfigurationList;
			buildConfigurations = (
				116892ED18F3D91000C45EEC /* Debug */,
				116892EE18F3D91000C45EEC /* Release */,
			);
			defaultConfigurationIsVisible = 0;
		};
/* End XCConfigurationList section */
	};
	rootObject = 116892B518F3D90F00C45EEC /* Project object */;
}
